
Microsoft Visual Studio Solution File, Format Version 12.00
# Visual Studio Version 17
VisualStudioVersion = 17.1.32210.238
MinimumVisualStudioVersion = 10.0.40219.1
Project("{FAE04EC0-301F-11D3-BF4B-00C04F79EFBC}") = "Prototipo1_GT", "Prototipo1_GT.csproj", "{8E887810-BBB4-4E61-A83B-2C63C3DF1AE1}"
EndProject
Global
	GlobalSection(SolutionConfigurationPlatforms) = preSolution
		Debug|Any CPU = Debug|Any CPU
		Release|Any CPU = Release|Any CPU
	EndGlobalSection
	GlobalSection(ProjectConfigurationPlatforms) = postSolution
		{8E887810-BBB4-4E61-A83B-2C63C3DF1AE1}.Debug|Any CPU.ActiveCfg = Debug|Any CPU
		{8E887810-BBB4-4E61-A83B-2C63C3DF1AE1}.Debug|Any CPU.Build.0 = Debug|Any CPU
		{8E887810-BBB4-4E61-A83B-2C63C3DF1AE1}.Release|Any CPU.ActiveCfg = Release|Any CPU
		{8E887810-BBB4-4E61-A83B-2C63C3DF1AE1}.Release|Any CPU.Build.0 = Release|Any CPU
	EndGlobalSection
	GlobalSection(SolutionProperties) = preSolution
		HideSolutionNode = FALSE
	EndGlobalSection
	GlobalSection(ExtensibilityGlobals) = postSolution
		SolutionGuid = {56AE704A-C199-4B56-B508-F48CC67F3554}
	EndGlobalSection
EndGlobal
